
Microsoft Visual Studio Solution File, Format Version 12.00
# Visual Studio 15
VisualStudioVersion = 15.0.27130.2010
MinimumVisualStudioVersion = 10.0.40219.1
Project("{FAE04EC0-301F-11D3-BF4B-00C04F79EFBC}") = "ProvGrundlaggandeModellering", "ProvGrundlaggandeModellering\ProvGrundlaggandeModellering.csproj", "{ACE4156F-D7DD-48D5-B32C-947506AFD21D}"
EndProject
Global
	GlobalSection(SolutionConfigurationPlatforms) = preSolution
		Debug|Any CPU = Debug|Any CPU
		Release|Any CPU = Release|Any CPU
	EndGlobalSection
	GlobalSection(ProjectConfigurationPlatforms) = postSolution
		{ACE4156F-D7DD-48D5-B32C-947506AFD21D}.Debug|Any CPU.ActiveCfg = Debug|Any CPU
		{ACE4156F-D7DD-48D5-B32C-947506AFD21D}.Debug|Any CPU.Build.0 = Debug|Any CPU
		{ACE4156F-D7DD-48D5-B32C-947506AFD21D}.Release|Any CPU.ActiveCfg = Release|Any CPU
		{ACE4156F-D7DD-48D5-B32C-947506AFD21D}.Release|Any CPU.Build.0 = Release|Any CPU
	EndGlobalSection
	GlobalSection(SolutionProperties) = preSolution
		HideSolutionNode = FALSE
	EndGlobalSection
	GlobalSection(ExtensibilityGlobals) = postSolution
		SolutionGuid = {5DD15959-9D2B-48FC-A76A-E0CCFE8B83AD}
	EndGlobalSection
EndGlobal
